PODS:
  - DPUI/Controls/ImageLayer (1.1.1)
  - DPUI/Controls/PalaceGridView (1.1.1):
    - DPUI/Controls/ImageLayer
  - DPUI/Extensions (1.1.1):
    - DPUI/Extensions/ChildPage (= 1.1.1)
    - DPUI/Extensions/Namespace (= 1.1.1)
    - DPUI/Extensions/VisiblePage (= 1.1.1)
  - DPUI/Extensions/ChildPage (1.1.1):
    - DPUI/Extensions/Namespace
  - DPUI/Extensions/Namespace (1.1.1)
  - DPUI/Extensions/VisiblePage (1.1.1):
    - DPUI/Extensions/Namespace

DEPENDENCIES:
  - DPUI/Controls/ImageLayer (from `./`)
  - DPUI/Controls/PalaceGridView (from `./`)
  - DPUI/Extensions (from `./`)
  - DPUI/Extensions/Namespace (from `./`)
  - DPUI/Extensions/VisiblePage (from `./`)

EXTERNAL SOURCES:
  DPUI:
    :path: "./"

SPEC CHECKSUMS:
  DPUI: 404fa7919eb0827942381de9b3f94f206829b0a4

PODFILE CHECKSUM: 1608bff7c9baf0b9348ee02926bebffbfc5a1e5d

COCOAPODS: 1.11.3
