PODS:
  - DPUI/Controls/FlexibleNavigationBar (1.3.0)
  - DPUI/Controls/ImageLayer (1.3.0)
  - DPUI/Controls/PalaceGridView (1.3.0):
    - DPUI/Controls/ImageLayer
  - DPUI/Extensions (1.3.0):
    - DPUI/Extensions/ChildPage (= 1.3.0)
    - DPUI/Extensions/ConvenientGesture (= 1.3.0)
    - DPUI/Extensions/HexColor (= 1.3.0)
    - DPUI/Extensions/Namespace (= 1.3.0)
    - DPUI/Extensions/RandomColor (= 1.3.0)
    - DPUI/Extensions/VisiblePage (= 1.3.0)
  - DPUI/Extensions/ChildPage (1.3.0):
    - DPUI/Extensions/Namespace
  - DPUI/Extensions/ConvenientGesture (1.3.0):
    - DPUI/Extensions/Namespace
  - DPUI/Extensions/HexColor (1.3.0):
    - DPUI/Extensions/Namespace
  - DPUI/Extensions/Namespace (1.3.0)
  - DPUI/Extensions/RandomColor (1.3.0):
    - DPUI/Extensions/Namespace
  - DPUI/Extensions/VisiblePage (1.3.0):
    - DPUI/Extensions/Namespace

DEPENDENCIES:
  - DPUI/Controls/FlexibleNavigationBar (from `./`)
  - DPUI/Controls/ImageLayer (from `./`)
  - DPUI/Controls/PalaceGridView (from `./`)
  - DPUI/Extensions (from `./`)
  - DPUI/Extensions/ConvenientGesture (from `./`)
  - DPUI/Extensions/Namespace (from `./`)
  - DPUI/Extensions/RandomColor (from `./`)
  - DPUI/Extensions/VisiblePage (from `./`)

EXTERNAL SOURCES:
  DPUI:
    :path: "./"

SPEC CHECKSUMS:
  DPUI: d804a2ec05285424d114a138eff06ca170929112

PODFILE CHECKSUM: 7521fdf838493ddb79fed6deaa54c43758d3176b

COCOAPODS: 1.11.3
